// !$*UTF8*$!
{
	archiveVersion = 1;
	classes = {
	};
	objectVersion = 50;
	objects = {

/* Begin PBXBuildFile section */
		F50066E22275EB64000569A5 /* Todo.swift in Sources */ = {isa = PBXBuildFile; fileRef = F50066E12275EB64000569A5 /* Todo.swift */; };
		F502215F22845D0E00B2689D /* SettingsStorage.swift in Sources */ = {isa = PBXBuildFile; fileRef = F502215E22845D0E00B2689D /* SettingsStorage.swift */; };
		F502216122845D1B00B2689D /* SettingsStoraging.swift in Sources */ = {isa = PBXBuildFile; fileRef = F502216022845D1B00B2689D /* SettingsStoraging.swift */; };
		F50221642284839700B2689D /* RootViewController.swift in Sources */ = {isa = PBXBuildFile; fileRef = F50221632284839700B2689D /* RootViewController.swift */; };
		F504729A2280B7E700ED3DDD /* TodoNameExamplesStorage.swift in Sources */ = {isa = PBXBuildFile; fileRef = F50472992280B7E700ED3DDD /* TodoNameExamplesStorage.swift */; };
		F50496482272C1A2007743CA /* NetworkManager.swift in Sources */ = {isa = PBXBuildFile; fileRef = F50496472272C1A2007743CA /* NetworkManager.swift */; };
		F504964A2272C1AC007743CA /* NetworkManaging.swift in Sources */ = {isa = PBXBuildFile; fileRef = F50496492272C1AC007743CA /* NetworkManaging.swift */; };
		F504964D2272C328007743CA /* Request.swift in Sources */ = {isa = PBXBuildFile; fileRef = F504964C2272C328007743CA /* Request.swift */; };
		F504964F2272C3A2007743CA /* Response.swift in Sources */ = {isa = PBXBuildFile; fileRef = F504964E2272C3A2007743CA /* Response.swift */; };
		F50496512272C6AA007743CA /* NetworkConfiguration.swift in Sources */ = {isa = PBXBuildFile; fileRef = F50496502272C6AA007743CA /* NetworkConfiguration.swift */; };
		F5068F1A22722AF600BEC973 /* Networking.swift in Sources */ = {isa = PBXBuildFile; fileRef = F5068F1922722AF600BEC973 /* Networking.swift */; };
		F5068F1C22722B0100BEC973 /* Network.swift in Sources */ = {isa = PBXBuildFile; fileRef = F5068F1B22722B0100BEC973 /* Network.swift */; };
		F50752142274A85700347361 /* Container.swift in Sources */ = {isa = PBXBuildFile; fileRef = F50752132274A85700347361 /* Container.swift */; };
		F50752172274C9F800347361 /* TodoStorage.swift in Sources */ = {isa = PBXBuildFile; fileRef = F50752162274C9F800347361 /* TodoStorage.swift */; };
		F507521B2274CA1700347361 /* TodoStoraging.swift in Sources */ = {isa = PBXBuildFile; fileRef = F507521A2274CA1700347361 /* TodoStoraging.swift */; };
		F5085B1A227395FB00144515 /* User.swift in Sources */ = {isa = PBXBuildFile; fileRef = F5085B19227395FB00144515 /* User.swift */; };
		F5085B1D2273A91200144515 /* Parser.swift in Sources */ = {isa = PBXBuildFile; fileRef = F5085B1C2273A91200144515 /* Parser.swift */; };
		F5987503226F96B1007E93E4 /* AppDelegate.swift in Sources */ = {isa = PBXBuildFile; fileRef = F5987502226F96B1007E93E4 /* AppDelegate.swift */; };
		F5987505226F96B1007E93E4 /* ViewController.swift in Sources */ = {isa = PBXBuildFile; fileRef = F5987504226F96B1007E93E4 /* ViewController.swift */; };
		F598750B226F96B1007E93E4 /* uncomplicated_todo.xcdatamodeld in Sources */ = {isa = PBXBuildFile; fileRef = F5987509226F96B1007E93E4 /* uncomplicated_todo.xcdatamodeld */; };
		F598750D226F96B3007E93E4 /* Assets.xcassets in Resources */ = {isa = PBXBuildFile; fileRef = F598750C226F96B3007E93E4 /* Assets.xcassets */; };
		F5987510226F96B3007E93E4 /* LaunchScreen.storyboard in Resources */ = {isa = PBXBuildFile; fileRef = F598750E226F96B3007E93E4 /* LaunchScreen.storyboard */; };
		F5E0B9B9227C4AC200D70618 /* TodoCell.swift in Sources */ = {isa = PBXBuildFile; fileRef = F5E0B9B8227C4AC200D70618 /* TodoCell.swift */; };
		F5E0B9BB227C772E00D70618 /* UIViewExtensions.swift in Sources */ = {isa = PBXBuildFile; fileRef = F5E0B9BA227C772E00D70618 /* UIViewExtensions.swift */; };
		F5E0B9BE227CA14C00D70618 /* CoreDataStack.swift in Sources */ = {isa = PBXBuildFile; fileRef = F5E0B9BD227CA14C00D70618 /* CoreDataStack.swift */; };
		F5E1D8462291892B006E6392 /* TodoListItem.swift in Sources */ = {isa = PBXBuildFile; fileRef = F5E1D8452291892B006E6392 /* TodoListItem.swift */; };
		F5E1D84822918976006E6392 /* WeekSection.swift in Sources */ = {isa = PBXBuildFile; fileRef = F5E1D84722918976006E6392 /* WeekSection.swift */; };
		F5E1D84A229189BB006E6392 /* TodoListTests.swift in Sources */ = {isa = PBXBuildFile; fileRef = F5E1D849229189BA006E6392 /* TodoListTests.swift */; };
		F5E1D84D22918F99006E6392 /* Todo.swift in Sources */ = {isa = PBXBuildFile; fileRef = F50066E12275EB64000569A5 /* Todo.swift */; };
		F5E1D84E22919D9A006E6392 /* WeekSection.swift in Sources */ = {isa = PBXBuildFile; fileRef = F5E1D84722918976006E6392 /* WeekSection.swift */; };
		F5E1D84F22919D9C006E6392 /* TodoListItem.swift in Sources */ = {isa = PBXBuildFile; fileRef = F5E1D8452291892B006E6392 /* TodoListItem.swift */; };
		F5EAD80E22880E18009F9184 /* DateSectionView.swift in Sources */ = {isa = PBXBuildFile; fileRef = F5EAD80D22880E18009F9184 /* DateSectionView.swift */; };
		F5EECE2C22829895001BEAC1 /* TodoListViewModel.swift in Sources */ = {isa = PBXBuildFile; fileRef = F5EECE2B22829895001BEAC1 /* TodoListViewModel.swift */; };
		F5EECE2E228298B7001BEAC1 /* TodoListViewModeling.swift in Sources */ = {isa = PBXBuildFile; fileRef = F5EECE2D228298B7001BEAC1 /* TodoListViewModeling.swift */; };
		F5EECE30228298FD001BEAC1 /* TodoListViewController.swift in Sources */ = {isa = PBXBuildFile; fileRef = F5EECE2F228298FD001BEAC1 /* TodoListViewController.swift */; };
		F5EECE332282A16A001BEAC1 /* Coordinator.swift in Sources */ = {isa = PBXBuildFile; fileRef = F5EECE322282A16A001BEAC1 /* Coordinator.swift */; };
		F5F121D9227D7ECB006BE4E4 /* TodoPersistentStorage.swift in Sources */ = {isa = PBXBuildFile; fileRef = F5F121D8227D7ECB006BE4E4 /* TodoPersistentStorage.swift */; };
		F5F121DB227D7EF6006BE4E4 /* TodoPersistentStoraging.swift in Sources */ = {isa = PBXBuildFile; fileRef = F5F121DA227D7EF6006BE4E4 /* TodoPersistentStoraging.swift */; };
		F5F1CF8F22815089005F7686 /* Bindings.swift in Sources */ = {isa = PBXBuildFile; fileRef = F5F1CF8E22815089005F7686 /* Bindings.swift */; };
		F5FB9B702292EA3800354F8C /* WeekRangeBuilder.swift in Sources */ = {isa = PBXBuildFile; fileRef = F5FB9B6F2292EA3800354F8C /* WeekRangeBuilder.swift */; };
		F5FB9B712292EA7200354F8C /* WeekRangeBuilder.swift in Sources */ = {isa = PBXBuildFile; fileRef = F5FB9B6F2292EA3800354F8C /* WeekRangeBuilder.swift */; };
/* End PBXBuildFile section */

/* Begin PBXContainerItemProxy section */
		F5E1D83D229188E5006E6392 /* PBXContainerItemProxy */ = {
			isa = PBXContainerItemProxy;
			containerPortal = F59874F7226F96B0007E93E4 /* Project object */;
			proxyType = 1;
			remoteGlobalIDString = F59874FE226F96B0007E93E4;
			remoteInfo = "uncomplicated-todo";
		};
/* End PBXContainerItemProxy section */

/* Begin PBXFileReference section */
		F50066E12275EB64000569A5 /* Todo.swift */ = {isa = PBXFileReference; lastKnownFileType = sourcecode.swift; path = Todo.swift; sourceTree = "<group>"; };
		F502215E22845D0E00B2689D /* SettingsStorage.swift */ = {isa = PBXFileReference; lastKnownFileType = sourcecode.swift; path = SettingsStorage.swift; sourceTree = "<group>"; };
		F502216022845D1B00B2689D /* SettingsStoraging.swift */ = {isa = PBXFileReference; lastKnownFileType = sourcecode.swift; path = SettingsStoraging.swift; sourceTree = "<group>"; };
		F50221632284839700B2689D /* RootViewController.swift */ = {isa = PBXFileReference; lastKnownFileType = sourcecode.swift; path = RootViewController.swift; sourceTree = "<group>"; };
		F50472992280B7E700ED3DDD /* TodoNameExamplesStorage.swift */ = {isa = PBXFileReference; lastKnownFileType = sourcecode.swift; path = TodoNameExamplesStorage.swift; sourceTree = "<group>"; };
		F50496472272C1A2007743CA /* NetworkManager.swift */ = {isa = PBXFileReference; lastKnownFileType = sourcecode.swift; path = NetworkManager.swift; sourceTree = "<group>"; };
		F50496492272C1AC007743CA /* NetworkManaging.swift */ = {isa = PBXFileReference; lastKnownFileType = sourcecode.swift; path = NetworkManaging.swift; sourceTree = "<group>"; };
		F504964C2272C328007743CA /* Request.swift */ = {isa = PBXFileReference; lastKnownFileType = sourcecode.swift; path = Request.swift; sourceTree = "<group>"; };
		F504964E2272C3A2007743CA /* Response.swift */ = {isa = PBXFileReference; lastKnownFileType = sourcecode.swift; path = Response.swift; sourceTree = "<group>"; };
		F50496502272C6AA007743CA /* NetworkConfiguration.swift */ = {isa = PBXFileReference; lastKnownFileType = sourcecode.swift; path = NetworkConfiguration.swift; sourceTree = "<group>"; };
		F5068F1922722AF600BEC973 /* Networking.swift */ = {isa = PBXFileReference; lastKnownFileType = sourcecode.swift; path = Networking.swift; sourceTree = "<group>"; };
		F5068F1B22722B0100BEC973 /* Network.swift */ = {isa = PBXFileReference; lastKnownFileType = sourcecode.swift; path = Network.swift; sourceTree = "<group>"; };
		F50752132274A85700347361 /* Container.swift */ = {isa = PBXFileReference; lastKnownFileType = sourcecode.swift; path = Container.swift; sourceTree = "<group>"; };
		F50752162274C9F800347361 /* TodoStorage.swift */ = {isa = PBXFileReference; lastKnownFileType = sourcecode.swift; path = TodoStorage.swift; sourceTree = "<group>"; };
		F507521A2274CA1700347361 /* TodoStoraging.swift */ = {isa = PBXFileReference; lastKnownFileType = sourcecode.swift; path = TodoStoraging.swift; sourceTree = "<group>"; };
		F5085B19227395FB00144515 /* User.swift */ = {isa = PBXFileReference; lastKnownFileType = sourcecode.swift; path = User.swift; sourceTree = "<group>"; };
		F5085B1C2273A91200144515 /* Parser.swift */ = {isa = PBXFileReference; lastKnownFileType = sourcecode.swift; path = Parser.swift; sourceTree = "<group>"; };
		F59874FF226F96B0007E93E4 /* uncomplicated-todo.app */ = {isa = PBXFileReference; explicitFileType = wrapper.application; includeInIndex = 0; path = "uncomplicated-todo.app"; sourceTree = BUILT_PRODUCTS_DIR; };
		F5987502226F96B1007E93E4 /* AppDelegate.swift */ = {isa = PBXFileReference; lastKnownFileType = sourcecode.swift; path = AppDelegate.swift; sourceTree = "<group>"; };
		F5987504226F96B1007E93E4 /* ViewController.swift */ = {isa = PBXFileReference; lastKnownFileType = sourcecode.swift; path = ViewController.swift; sourceTree = "<group>"; };
		F598750A226F96B1007E93E4 /* uncomplicated_todo.xcdatamodel */ = {isa = PBXFileReference; lastKnownFileType = wrapper.xcdatamodel; path = uncomplicated_todo.xcdatamodel; sourceTree = "<group>"; };
		F598750C226F96B3007E93E4 /* Assets.xcassets */ = {isa = PBXFileReference; lastKnownFileType = folder.assetcatalog; path = Assets.xcassets; sourceTree = "<group>"; };
		F598750F226F96B3007E93E4 /* Base */ = {isa = PBXFileReference; lastKnownFileType = file.storyboard; name = Base; path = Base.lproj/LaunchScreen.storyboard; sourceTree = "<group>"; };
		F5987511226F96B3007E93E4 /* Info.plist */ = {isa = PBXFileReference; lastKnownFileType = text.plist.xml; path = Info.plist; sourceTree = "<group>"; };
		F5E0B9B8227C4AC200D70618 /* TodoCell.swift */ = {isa = PBXFileReference; lastKnownFileType = sourcecode.swift; path = TodoCell.swift; sourceTree = "<group>"; };
		F5E0B9BA227C772E00D70618 /* UIViewExtensions.swift */ = {isa = PBXFileReference; lastKnownFileType = sourcecode.swift; path = UIViewExtensions.swift; sourceTree = "<group>"; };
		F5E0B9BD227CA14C00D70618 /* CoreDataStack.swift */ = {isa = PBXFileReference; lastKnownFileType = sourcecode.swift; path = CoreDataStack.swift; sourceTree = "<group>"; };
		F5E1D838229188E4006E6392 /* uncomplicated-todoTests.xctest */ = {isa = PBXFileReference; explicitFileType = wrapper.cfbundle; includeInIndex = 0; path = "uncomplicated-todoTests.xctest"; sourceTree = BUILT_PRODUCTS_DIR; };
		F5E1D83C229188E5006E6392 /* Info.plist */ = {isa = PBXFileReference; lastKnownFileType = text.plist.xml; path = Info.plist; sourceTree = "<group>"; };
		F5E1D8452291892B006E6392 /* TodoListItem.swift */ = {isa = PBXFileReference; lastKnownFileType = sourcecode.swift; path = TodoListItem.swift; sourceTree = "<group>"; };
		F5E1D84722918976006E6392 /* WeekSection.swift */ = {isa = PBXFileReference; lastKnownFileType = sourcecode.swift; path = WeekSection.swift; sourceTree = "<group>"; };
		F5E1D849229189BA006E6392 /* TodoListTests.swift */ = {isa = PBXFileReference; lastKnownFileType = sourcecode.swift; path = TodoListTests.swift; sourceTree = "<group>"; };
		F5EAD80D22880E18009F9184 /* DateSectionView.swift */ = {isa = PBXFileReference; lastKnownFileType = sourcecode.swift; path = DateSectionView.swift; sourceTree = "<group>"; };
		F5EECE2B22829895001BEAC1 /* TodoListViewModel.swift */ = {isa = PBXFileReference; lastKnownFileType = sourcecode.swift; path = TodoListViewModel.swift; sourceTree = "<group>"; };
		F5EECE2D228298B7001BEAC1 /* TodoListViewModeling.swift */ = {isa = PBXFileReference; lastKnownFileType = sourcecode.swift; path = TodoListViewModeling.swift; sourceTree = "<group>"; };
		F5EECE2F228298FD001BEAC1 /* TodoListViewController.swift */ = {isa = PBXFileReference; lastKnownFileType = sourcecode.swift; path = TodoListViewController.swift; sourceTree = "<group>"; };
		F5EECE322282A16A001BEAC1 /* Coordinator.swift */ = {isa = PBXFileReference; lastKnownFileType = sourcecode.swift; path = Coordinator.swift; sourceTree = "<group>"; };
		F5F121D8227D7ECB006BE4E4 /* TodoPersistentStorage.swift */ = {isa = PBXFileReference; lastKnownFileType = sourcecode.swift; path = TodoPersistentStorage.swift; sourceTree = "<group>"; };
		F5F121DA227D7EF6006BE4E4 /* TodoPersistentStoraging.swift */ = {isa = PBXFileReference; lastKnownFileType = sourcecode.swift; path = TodoPersistentStoraging.swift; sourceTree = "<group>"; };
		F5F1CF8E22815089005F7686 /* Bindings.swift */ = {isa = PBXFileReference; lastKnownFileType = sourcecode.swift; path = Bindings.swift; sourceTree = "<group>"; };
		F5FB9B6F2292EA3800354F8C /* WeekRangeBuilder.swift */ = {isa = PBXFileReference; lastKnownFileType = sourcecode.swift; path = WeekRangeBuilder.swift; sourceTree = "<group>"; };
/* End PBXFileReference section */

/* Begin PBXFrameworksBuildPhase section */
		F59874FC226F96B0007E93E4 /* Frameworks */ = {
			isa = PBXFrameworksBuildPhase;
			buildActionMask = 2147483647;
			files = (
			);
			runOnlyForDeploymentPostprocessing = 0;
		};
		F5E1D835229188E4006E6392 /* Frameworks */ = {
			isa = PBXFrameworksBuildPhase;
			buildActionMask = 2147483647;
			files = (
			);
			runOnlyForDeploymentPostprocessing = 0;
		};
/* End PBXFrameworksBuildPhase section */

/* Begin PBXGroup section */
		F502215D22845CFC00B2689D /* Settings */ = {
			isa = PBXGroup;
			children = (
				F502215E22845D0E00B2689D /* SettingsStorage.swift */,
				F502216022845D1B00B2689D /* SettingsStoraging.swift */,
			);
			path = Settings;
			sourceTree = "<group>";
		};
		F502216222846D1400B2689D /* Name Examples */ = {
			isa = PBXGroup;
			children = (
				F50472992280B7E700ED3DDD /* TodoNameExamplesStorage.swift */,
			);
			path = "Name Examples";
			sourceTree = "<group>";
		};
		F5049645227234AA007743CA /* ViewModel */ = {
			isa = PBXGroup;
			children = (
				F53718492292EEA100F82A42 /* Utils */,
				F5E1D8442291891C006E6392 /* TodoList */,
			);
			path = ViewModel;
			sourceTree = "<group>";
		};
		F5049646227234BF007743CA /* View */ = {
			isa = PBXGroup;
			children = (
				F5E0B9B8227C4AC200D70618 /* TodoCell.swift */,
				F5EECE2F228298FD001BEAC1 /* TodoListViewController.swift */,
				F50221632284839700B2689D /* RootViewController.swift */,
				F5EAD80D22880E18009F9184 /* DateSectionView.swift */,
			);
			path = View;
			sourceTree = "<group>";
		};
		F504964B2272C30F007743CA /* Networking */ = {
			isa = PBXGroup;
			children = (
				F5068F1922722AF600BEC973 /* Networking.swift */,
				F5068F1B22722B0100BEC973 /* Network.swift */,
				F50496472272C1A2007743CA /* NetworkManager.swift */,
				F50496492272C1AC007743CA /* NetworkManaging.swift */,
				F504964C2272C328007743CA /* Request.swift */,
				F504964E2272C3A2007743CA /* Response.swift */,
				F50496502272C6AA007743CA /* NetworkConfiguration.swift */,
				F5085B1C2273A91200144515 /* Parser.swift */,
			);
			path = Networking;
			sourceTree = "<group>";
		};
		F5068F1822722ADB00BEC973 /* Model */ = {
			isa = PBXGroup;
			children = (
				F502216222846D1400B2689D /* Name Examples */,
				F502215D22845CFC00B2689D /* Settings */,
				F5E0B9BC227CA13700D70618 /* Persistence */,
				F50752152274C98100347361 /* Storage */,
				F5085B1B2273965400144515 /* Entity */,
				F504964B2272C30F007743CA /* Networking */,
			);
			path = Model;
			sourceTree = "<group>";
		};
		F50752152274C98100347361 /* Storage */ = {
			isa = PBXGroup;
			children = (
				F50752162274C9F800347361 /* TodoStorage.swift */,
				F507521A2274CA1700347361 /* TodoStoraging.swift */,
			);
			path = Storage;
			sourceTree = "<group>";
		};
		F5085B1B2273965400144515 /* Entity */ = {
			isa = PBXGroup;
			children = (
				F5085B19227395FB00144515 /* User.swift */,
				F50066E12275EB64000569A5 /* Todo.swift */,
			);
			path = Entity;
			sourceTree = "<group>";
		};
		F53718492292EEA100F82A42 /* Utils */ = {
			isa = PBXGroup;
			children = (
				F5FB9B6F2292EA3800354F8C /* WeekRangeBuilder.swift */,
			);
			path = Utils;
			sourceTree = "<group>";
		};
		F59874F6226F96B0007E93E4 = {
			isa = PBXGroup;
			children = (
				F5987501226F96B0007E93E4 /* uncomplicated-todo */,
				F5E1D839229188E5006E6392 /* uncomplicated-todoTests */,
				F5987500226F96B0007E93E4 /* Products */,
			);
			sourceTree = "<group>";
		};
		F5987500226F96B0007E93E4 /* Products */ = {
			isa = PBXGroup;
			children = (
				F59874FF226F96B0007E93E4 /* uncomplicated-todo.app */,
				F5E1D838229188E4006E6392 /* uncomplicated-todoTests.xctest */,
			);
			name = Products;
			sourceTree = "<group>";
		};
		F5987501226F96B0007E93E4 /* uncomplicated-todo */ = {
			isa = PBXGroup;
			children = (
				F5EECE312282995B001BEAC1 /* Coordination */,
				F5F1CF8D22814B84005F7686 /* UIUtils */,
				F5AFA6202274EC3B0063FD7D /* DI */,
				F5049646227234BF007743CA /* View */,
				F5049645227234AA007743CA /* ViewModel */,
				F5068F1822722ADB00BEC973 /* Model */,
				F5987502226F96B1007E93E4 /* AppDelegate.swift */,
				F5987504226F96B1007E93E4 /* ViewController.swift */,
				F598750C226F96B3007E93E4 /* Assets.xcassets */,
				F598750E226F96B3007E93E4 /* LaunchScreen.storyboard */,
				F5987511226F96B3007E93E4 /* Info.plist */,
				F5987509226F96B1007E93E4 /* uncomplicated_todo.xcdatamodeld */,
			);
			path = "uncomplicated-todo";
			sourceTree = "<group>";
		};
		F5AFA6202274EC3B0063FD7D /* DI */ = {
			isa = PBXGroup;
			children = (
				F50752132274A85700347361 /* Container.swift */,
			);
			path = DI;
			sourceTree = "<group>";
		};
		F5E0B9BC227CA13700D70618 /* Persistence */ = {
			isa = PBXGroup;
			children = (
				F5E0B9BD227CA14C00D70618 /* CoreDataStack.swift */,
				F5F121D8227D7ECB006BE4E4 /* TodoPersistentStorage.swift */,
				F5F121DA227D7EF6006BE4E4 /* TodoPersistentStoraging.swift */,
			);
			path = Persistence;
			sourceTree = "<group>";
		};
		F5E1D839229188E5006E6392 /* uncomplicated-todoTests */ = {
			isa = PBXGroup;
			children = (
				F5E1D83C229188E5006E6392 /* Info.plist */,
				F5E1D849229189BA006E6392 /* TodoListTests.swift */,
			);
			path = "uncomplicated-todoTests";
			sourceTree = "<group>";
		};
		F5E1D8442291891C006E6392 /* TodoList */ = {
			isa = PBXGroup;
			children = (
				F5EECE2B22829895001BEAC1 /* TodoListViewModel.swift */,
				F5EECE2D228298B7001BEAC1 /* TodoListViewModeling.swift */,
				F5E1D8452291892B006E6392 /* TodoListItem.swift */,
				F5E1D84722918976006E6392 /* WeekSection.swift */,
			);
			path = TodoList;
			sourceTree = "<group>";
		};
		F5EECE312282995B001BEAC1 /* Coordination */ = {
			isa = PBXGroup;
			children = (
				F5EECE322282A16A001BEAC1 /* Coordinator.swift */,
			);
			path = Coordination;
			sourceTree = "<group>";
		};
		F5F1CF8D22814B84005F7686 /* UIUtils */ = {
			isa = PBXGroup;
			children = (
				F5E0B9BA227C772E00D70618 /* UIViewExtensions.swift */,
				F5F1CF8E22815089005F7686 /* Bindings.swift */,
			);
			path = UIUtils;
			sourceTree = "<group>";
		};
/* End PBXGroup section */

/* Begin PBXNativeTarget section */
		F59874FE226F96B0007E93E4 /* uncomplicated-todo */ = {
			isa = PBXNativeTarget;
			buildConfigurationList = F5987514226F96B3007E93E4 /* Build configuration list for PBXNativeTarget "uncomplicated-todo" */;
			buildPhases = (
				F59874FB226F96B0007E93E4 /* Sources */,
				F59874FC226F96B0007E93E4 /* Frameworks */,
				F59874FD226F96B0007E93E4 /* Resources */,
			);
			buildRules = (
			);
			dependencies = (
			);
			name = "uncomplicated-todo";
			productName = "uncomplicated-todo";
			productReference = F59874FF226F96B0007E93E4 /* uncomplicated-todo.app */;
			productType = "com.apple.product-type.application";
		};
		F5E1D837229188E4006E6392 /* uncomplicated-todoTests */ = {
			isa = PBXNativeTarget;
			buildConfigurationList = F5E1D841229188E5006E6392 /* Build configuration list for PBXNativeTarget "uncomplicated-todoTests" */;
			buildPhases = (
				F5E1D834229188E4006E6392 /* Sources */,
				F5E1D835229188E4006E6392 /* Frameworks */,
				F5E1D836229188E4006E6392 /* Resources */,
			);
			buildRules = (
			);
			dependencies = (
				F5E1D83E229188E5006E6392 /* PBXTargetDependency */,
			);
			name = "uncomplicated-todoTests";
			productName = "uncomplicated-todoTests";
			productReference = F5E1D838229188E4006E6392 /* uncomplicated-todoTests.xctest */;
			productType = "com.apple.product-type.bundle.unit-test";
		};
/* End PBXNativeTarget section */

/* Begin PBXProject section */
		F59874F7226F96B0007E93E4 /* Project object */ = {
			isa = PBXProject;
			attributes = {
				LastSwiftUpdateCheck = 1020;
				LastUpgradeCheck = 1020;
				ORGANIZATIONNAME = misshapes;
				TargetAttributes = {
					F59874FE226F96B0007E93E4 = {
						CreatedOnToolsVersion = 10.2.1;
					};
					F5E1D837229188E4006E6392 = {
						CreatedOnToolsVersion = 10.2.1;
						TestTargetID = F59874FE226F96B0007E93E4;
					};
				};
			};
			buildConfigurationList = F59874FA226F96B0007E93E4 /* Build configuration list for PBXProject "uncomplicated-todo" */;
			compatibilityVersion = "Xcode 9.3";
			developmentRegion = en;
			hasScannedForEncodings = 0;
			knownRegions = (
				en,
				Base,
			);
			mainGroup = F59874F6226F96B0007E93E4;
			productRefGroup = F5987500226F96B0007E93E4 /* Products */;
			projectDirPath = "";
			projectRoot = "";
			targets = (
				F59874FE226F96B0007E93E4 /* uncomplicated-todo */,
				F5E1D837229188E4006E6392 /* uncomplicated-todoTests */,
			);
		};
/* End PBXProject section */

/* Begin PBXResourcesBuildPhase section */
		F59874FD226F96B0007E93E4 /* Resources */ = {
			isa = PBXResourcesBuildPhase;
			buildActionMask = 2147483647;
			files = (
				F5987510226F96B3007E93E4 /* LaunchScreen.storyboard in Resources */,
				F598750D226F96B3007E93E4 /* Assets.xcassets in Resources */,
			);
			runOnlyForDeploymentPostprocessing = 0;
		};
		F5E1D836229188E4006E6392 /* Resources */ = {
			isa = PBXResourcesBuildPhase;
			buildActionMask = 2147483647;
			files = (
			);
			runOnlyForDeploymentPostprocessing = 0;
		};
/* End PBXResourcesBuildPhase section */

/* Begin PBXSourcesBuildPhase section */
		F59874FB226F96B0007E93E4 /* Sources */ = {
			isa = PBXSourcesBuildPhase;
			buildActionMask = 2147483647;
			files = (
				F5085B1A227395FB00144515 /* User.swift in Sources */,
				F50496482272C1A2007743CA /* NetworkManager.swift in Sources */,
				F5EECE2E228298B7001BEAC1 /* TodoListViewModeling.swift in Sources */,
				F50496512272C6AA007743CA /* NetworkConfiguration.swift in Sources */,
				F504964D2272C328007743CA /* Request.swift in Sources */,
				F5EECE30228298FD001BEAC1 /* TodoListViewController.swift in Sources */,
				F50066E22275EB64000569A5 /* Todo.swift in Sources */,
				F5F121DB227D7EF6006BE4E4 /* TodoPersistentStoraging.swift in Sources */,
				F502215F22845D0E00B2689D /* SettingsStorage.swift in Sources */,
				F504964A2272C1AC007743CA /* NetworkManaging.swift in Sources */,
				F5068F1C22722B0100BEC973 /* Network.swift in Sources */,
				F50752172274C9F800347361 /* TodoStorage.swift in Sources */,
				F5085B1D2273A91200144515 /* Parser.swift in Sources */,
				F50752142274A85700347361 /* Container.swift in Sources */,
				F5E1D8462291892B006E6392 /* TodoListItem.swift in Sources */,
				F5EECE2C22829895001BEAC1 /* TodoListViewModel.swift in Sources */,
				F598750B226F96B1007E93E4 /* uncomplicated_todo.xcdatamodeld in Sources */,
				F5987505226F96B1007E93E4 /* ViewController.swift in Sources */,
				F5F121D9227D7ECB006BE4E4 /* TodoPersistentStorage.swift in Sources */,
				F5987503226F96B1007E93E4 /* AppDelegate.swift in Sources */,
				F5068F1A22722AF600BEC973 /* Networking.swift in Sources */,
				F50221642284839700B2689D /* RootViewController.swift in Sources */,
				F5EECE332282A16A001BEAC1 /* Coordinator.swift in Sources */,
				F5E1D84822918976006E6392 /* WeekSection.swift in Sources */,
				F5E0B9BE227CA14C00D70618 /* CoreDataStack.swift in Sources */,
				F504964F2272C3A2007743CA /* Response.swift in Sources */,
				F5EAD80E22880E18009F9184 /* DateSectionView.swift in Sources */,
				F507521B2274CA1700347361 /* TodoStoraging.swift in Sources */,
				F502216122845D1B00B2689D /* SettingsStoraging.swift in Sources */,
				F504729A2280B7E700ED3DDD /* TodoNameExamplesStorage.swift in Sources */,
				F5F1CF8F22815089005F7686 /* Bindings.swift in Sources */,
				F5E0B9B9227C4AC200D70618 /* TodoCell.swift in Sources */,
				F5E0B9BB227C772E00D70618 /* UIViewExtensions.swift in Sources */,
				F5FB9B702292EA3800354F8C /* WeekRangeBuilder.swift in Sources */,
			);
			runOnlyForDeploymentPostprocessing = 0;
		};
		F5E1D834229188E4006E6392 /* Sources */ = {
			isa = PBXSourcesBuildPhase;
			buildActionMask = 2147483647;
			files = (
				F5E1D84A229189BB006E6392 /* TodoListTests.swift in Sources */,
				F5E1D84D22918F99006E6392 /* Todo.swift in Sources */,
				F5FB9B712292EA7200354F8C /* WeekRangeBuilder.swift in Sources */,
				F5E1D84F22919D9C006E6392 /* TodoListItem.swift in Sources */,
				F5E1D84E22919D9A006E6392 /* WeekSection.swift in Sources */,
			);
			runOnlyForDeploymentPostprocessing = 0;
		};
/* End PBXSourcesBuildPhase section */

/* Begin PBXTargetDependency section */
		F5E1D83E229188E5006E6392 /* PBXTargetDependency */ = {
			isa = PBXTargetDependency;
			target = F59874FE226F96B0007E93E4 /* uncomplicated-todo */;
			targetProxy = F5E1D83D229188E5006E6392 /* PBXContainerItemProxy */;
		};
/* End PBXTargetDependency section */

/* Begin PBXVariantGroup section */
		F598750E226F96B3007E93E4 /* LaunchScreen.storyboard */ = {
			isa = PBXVariantGroup;
			children = (
				F598750F226F96B3007E93E4 /* Base */,
			);
			name = LaunchScreen.storyboard;
			sourceTree = "<group>";
		};
/* End PBXVariantGroup section */

/* Begin XCBuildConfiguration section */
		F5987512226F96B3007E93E4 /* Debug */ = {
			isa = XCBuildConfiguration;
			buildSettings = {
				ALWAYS_SEARCH_USER_PATHS = NO;
				CLANG_ANALYZER_NONNULL = YES;
				CLANG_ANALYZER_NUMBER_OBJECT_CONVERSION = YES_AGGRESSIVE;
				CLANG_CXX_LANGUAGE_STANDARD = "gnu++14";
				CLANG_CXX_LIBRARY = "libc++";
				CLANG_ENABLE_MODULES = YES;
				CLANG_ENABLE_OBJC_ARC = YES;
				CLANG_ENABLE_OBJC_WEAK = YES;
				CLANG_WARN_BLOCK_CAPTURE_AUTORELEASING = YES;
				CLANG_WARN_BOOL_CONVERSION = YES;
				CLANG_WARN_COMMA = YES;
				CLANG_WARN_CONSTANT_CONVERSION = YES;
				CLANG_WARN_DEPRECATED_OBJC_IMPLEMENTATIONS = YES;
				CLANG_WARN_DIRECT_OBJC_ISA_USAGE = YES_ERROR;
				CLANG_WARN_DOCUMENTATION_COMMENTS = YES;
				CLANG_WARN_EMPTY_BODY = YES;
				CLANG_WARN_ENUM_CONVERSION = YES;
				CLANG_WARN_INFINITE_RECURSION = YES;
				CLANG_WARN_INT_CONVERSION = YES;
				CLANG_WARN_NON_LITERAL_NULL_CONVERSION = YES;
				CLANG_WARN_OBJC_IMPLICIT_RETAIN_SELF = YES;
				CLANG_WARN_OBJC_LITERAL_CONVERSION = YES;
				CLANG_WARN_OBJC_ROOT_CLASS = YES_ERROR;
				CLANG_WARN_RANGE_LOOP_ANALYSIS = YES;
				CLANG_WARN_STRICT_PROTOTYPES = YES;
				CLANG_WARN_SUSPICIOUS_MOVE = YES;
				CLANG_WARN_UNGUARDED_AVAILABILITY = YES_AGGRESSIVE;
				CLANG_WARN_UNREACHABLE_CODE = YES;
				CLANG_WARN__DUPLICATE_METHOD_MATCH = YES;
				CODE_SIGN_IDENTITY = "iPhone Developer";
				COPY_PHASE_STRIP = NO;
				DEBUG_INFORMATION_FORMAT = dwarf;
				ENABLE_STRICT_OBJC_MSGSEND = YES;
				ENABLE_TESTABILITY = YES;
				GCC_C_LANGUAGE_STANDARD = gnu11;
				GCC_DYNAMIC_NO_PIC = NO;
				GCC_NO_COMMON_BLOCKS = YES;
				GCC_OPTIMIZATION_LEVEL = 0;
				GCC_PREPROCESSOR_DEFINITIONS = (
					"DEBUG=1",
					"$(inherited)",
				);
				GCC_WARN_64_TO_32_BIT_CONVERSION = YES;
				GCC_WARN_ABOUT_RETURN_TYPE = YES_ERROR;
				GCC_WARN_UNDECLARED_SELECTOR = YES;
				GCC_WARN_UNINITIALIZED_AUTOS = YES_AGGRESSIVE;
				GCC_WARN_UNUSED_FUNCTION = YES;
				GCC_WARN_UNUSED_VARIABLE = YES;
				IPHONEOS_DEPLOYMENT_TARGET = 12.2;
				MTL_ENABLE_DEBUG_INFO = INCLUDE_SOURCE;
				MTL_FAST_MATH = YES;
				ONLY_ACTIVE_ARCH = YES;
				SDKROOT = iphoneos;
				SWIFT_ACTIVE_COMPILATION_CONDITIONS = DEBUG;
				SWIFT_OPTIMIZATION_LEVEL = "-Onone";
			};
			name = Debug;
		};
		F5987513226F96B3007E93E4 /* Release */ = {
			isa = XCBuildConfiguration;
			buildSettings = {
				ALWAYS_SEARCH_USER_PATHS = NO;
				CLANG_ANALYZER_NONNULL = YES;
				CLANG_ANALYZER_NUMBER_OBJECT_CONVERSION = YES_AGGRESSIVE;
				CLANG_CXX_LANGUAGE_STANDARD = "gnu++14";
				CLANG_CXX_LIBRARY = "libc++";
				CLANG_ENABLE_MODULES = YES;
				CLANG_ENABLE_OBJC_ARC = YES;
				CLANG_ENABLE_OBJC_WEAK = YES;
				CLANG_WARN_BLOCK_CAPTURE_AUTORELEASING = YES;
				CLANG_WARN_BOOL_CONVERSION = YES;
				CLANG_WARN_COMMA = YES;
				CLANG_WARN_CONSTANT_CONVERSION = YES;
				CLANG_WARN_DEPRECATED_OBJC_IMPLEMENTATIONS = YES;
				CLANG_WARN_DIRECT_OBJC_ISA_USAGE = YES_ERROR;
				CLANG_WARN_DOCUMENTATION_COMMENTS = YES;
				CLANG_WARN_EMPTY_BODY = YES;
				CLANG_WARN_ENUM_CONVERSION = YES;
				CLANG_WARN_INFINITE_RECURSION = YES;
				CLANG_WARN_INT_CONVERSION = YES;
				CLANG_WARN_NON_LITERAL_NULL_CONVERSION = YES;
				CLANG_WARN_OBJC_IMPLICIT_RETAIN_SELF = YES;
				CLANG_WARN_OBJC_LITERAL_CONVERSION = YES;
				CLANG_WARN_OBJC_ROOT_CLASS = YES_ERROR;
				CLANG_WARN_RANGE_LOOP_ANALYSIS = YES;
				CLANG_WARN_STRICT_PROTOTYPES = YES;
				CLANG_WARN_SUSPICIOUS_MOVE = YES;
				CLANG_WARN_UNGUARDED_AVAILABILITY = YES_AGGRESSIVE;
				CLANG_WARN_UNREACHABLE_CODE = YES;
				CLANG_WARN__DUPLICATE_METHOD_MATCH = YES;
				CODE_SIGN_IDENTITY = "iPhone Developer";
				COPY_PHASE_STRIP = NO;
				DEBUG_INFORMATION_FORMAT = "dwarf-with-dsym";
				ENABLE_NS_ASSERTIONS = NO;
				ENABLE_STRICT_OBJC_MSGSEND = YES;
				GCC_C_LANGUAGE_STANDARD = gnu11;
				GCC_NO_COMMON_BLOCKS = YES;
				GCC_WARN_64_TO_32_BIT_CONVERSION = YES;
				GCC_WARN_ABOUT_RETURN_TYPE = YES_ERROR;
				GCC_WARN_UNDECLARED_SELECTOR = YES;
				GCC_WARN_UNINITIALIZED_AUTOS = YES_AGGRESSIVE;
				GCC_WARN_UNUSED_FUNCTION = YES;
				GCC_WARN_UNUSED_VARIABLE = YES;
				IPHONEOS_DEPLOYMENT_TARGET = 12.2;
				MTL_ENABLE_DEBUG_INFO = NO;
				MTL_FAST_MATH = YES;
				SDKROOT = iphoneos;
				SWIFT_COMPILATION_MODE = wholemodule;
				SWIFT_OPTIMIZATION_LEVEL = "-O";
				VALIDATE_PRODUCT = YES;
			};
			name = Release;
		};
		F5987515226F96B3007E93E4 /* Debug */ = {
			isa = XCBuildConfiguration;
			buildSettings = {
				ASSETCATALOG_COMPILER_APPICON_NAME = AppIcon;
				CODE_SIGN_STYLE = Automatic;
				DEVELOPMENT_TEAM = LMCXDS3MQ7;
				INFOPLIST_FILE = "uncomplicated-todo/Info.plist";
				IPHONEOS_DEPLOYMENT_TARGET = 11.0;
				LD_RUNPATH_SEARCH_PATHS = (
					"$(inherited)",
					"@executable_path/Frameworks",
				);
				PRODUCT_BUNDLE_IDENTIFIER = "misshapes.uncomplicated-todo";
				PRODUCT_NAME = "$(TARGET_NAME)";
				SWIFT_VERSION = 5.0;
				TARGETED_DEVICE_FAMILY = "1,2";
			};
			name = Debug;
		};
		F5987516226F96B3007E93E4 /* Release */ = {
			isa = XCBuildConfiguration;
			buildSettings = {
				ASSETCATALOG_COMPILER_APPICON_NAME = AppIcon;
				CODE_SIGN_STYLE = Automatic;
				DEVELOPMENT_TEAM = LMCXDS3MQ7;
				INFOPLIST_FILE = "uncomplicated-todo/Info.plist";
				IPHONEOS_DEPLOYMENT_TARGET = 11.0;
				LD_RUNPATH_SEARCH_PATHS = (
					"$(inherited)",
					"@executable_path/Frameworks",
				);
				PRODUCT_BUNDLE_IDENTIFIER = "misshapes.uncomplicated-todo";
				PRODUCT_NAME = "$(TARGET_NAME)";
				SWIFT_VERSION = 5.0;
				TARGETED_DEVICE_FAMILY = "1,2";
			};
			name = Release;
		};
		F5E1D83F229188E5006E6392 /* Debug */ = {
			isa = XCBuildConfiguration;
			buildSettings = {
				BUNDLE_LOADER = "$(TEST_HOST)";
				CODE_SIGN_STYLE = Automatic;
				DEVELOPMENT_TEAM = LMCXDS3MQ7;
				INFOPLIST_FILE = "uncomplicated-todoTests/Info.plist";
				LD_RUNPATH_SEARCH_PATHS = (
					"$(inherited)",
					"@executable_path/Frameworks",
					"@loader_path/Frameworks",
				);
				PRODUCT_BUNDLE_IDENTIFIER = "misshapes.uncomplicated-todoTests";
				PRODUCT_NAME = "$(TARGET_NAME)";
				SWIFT_VERSION = 5.0;
				TARGETED_DEVICE_FAMILY = "1,2";
				TEST_HOST = "$(BUILT_PRODUCTS_DIR)/uncomplicated-todo.app/uncomplicated-todo";
			};
			name = Debug;
		};
		F5E1D840229188E5006E6392 /* Release */ = {
			isa = XCBuildConfiguration;
			buildSettings = {
				BUNDLE_LOADER = "$(TEST_HOST)";
				CODE_SIGN_STYLE = Automatic;
				DEVELOPMENT_TEAM = LMCXDS3MQ7;
				INFOPLIST_FILE = "uncomplicated-todoTests/Info.plist";
				LD_RUNPATH_SEARCH_PATHS = (
					"$(inherited)",
					"@executable_path/Frameworks",
					"@loader_path/Frameworks",
				);
				PRODUCT_BUNDLE_IDENTIFIER = "misshapes.uncomplicated-todoTests";
				PRODUCT_NAME = "$(TARGET_NAME)";
				SWIFT_VERSION = 5.0;
				TARGETED_DEVICE_FAMILY = "1,2";
				TEST_HOST = "$(BUILT_PRODUCTS_DIR)/uncomplicated-todo.app/uncomplicated-todo";
			};
			name = Release;
		};
/* End XCBuildConfiguration section */

/* Begin XCConfigurationList section */
		F59874FA226F96B0007E93E4 /* Build configuration list for PBXProject "uncomplicated-todo" */ = {
			isa = XCConfigurationList;
			buildConfigurations = (
				F5987512226F96B3007E93E4 /* Debug */,
				F5987513226F96B3007E93E4 /* Release */,
			);
			defaultConfigurationIsVisible = 0;
			defaultConfigurationName = Release;
		};
		F5987514226F96B3007E93E4 /* Build configuration list for PBXNativeTarget "uncomplicated-todo" */ = {
			isa = XCConfigurationList;
			buildConfigurations = (
				F5987515226F96B3007E93E4 /* Debug */,
				F5987516226F96B3007E93E4 /* Release */,
			);
			defaultConfigurationIsVisible = 0;
			defaultConfigurationName = Release;
		};
		F5E1D841229188E5006E6392 /* Build configuration list for PBXNativeTarget "uncomplicated-todoTests" */ = {
			isa = XCConfigurationList;
			buildConfigurations = (
				F5E1D83F229188E5006E6392 /* Debug */,
				F5E1D840229188E5006E6392 /* Release */,
			);
			defaultConfigurationIsVisible = 0;
			defaultConfigurationName = Release;
		};
/* End XCConfigurationList section */

/* Begin XCVersionGroup section */
		F5987509226F96B1007E93E4 /* uncomplicated_todo.xcdatamodeld */ = {
			isa = XCVersionGroup;
			children = (
				F598750A226F96B1007E93E4 /* uncomplicated_todo.xcdatamodel */,
			);
			currentVersion = F598750A226F96B1007E93E4 /* uncomplicated_todo.xcdatamodel */;
			path = uncomplicated_todo.xcdatamodeld;
			sourceTree = "<group>";
			versionGroupType = wrapper.xcdatamodel;
		};
/* End XCVersionGroup section */
	};
	rootObject = F59874F7226F96B0007E93E4 /* Project object */;
}
